{
    "_meta": {
        "hash": {
            "sha256": "d4b93e6cf360b24f96d1f8bc9525cce104a824cc73856e9cc1fe5e883b9e2afc"
        },
        "pipfile-spec": 6,
        "requires": {
            "python_version": "3.12"
        },
        "sources": [
            {
                "name": "pypi",
                "url": "https://pypi.org/simple",
                "verify_ssl": true
            }
        ]
    },
    "default": {
        "altgraph": {
            "hashes": [
                "sha256:1b5afbb98f6c4dcadb2e2ae6ab9fa994bbb8c1d75f4fa96d340f9437ae454406",
                "sha256:642743b4750de17e655e6711601b077bc6598dbfa3ba5fa2b2a35ce12b508dff"
            ],
            "version": "==0.17.4"
        },
        "bottle": {
            "hashes": [
                "sha256:27569ab8d1332fbba3e400b3baab2227ab4efb4882ff147af05a7c00ed73409c",
                "sha256:e53803b9d298c7d343d00ba7d27b0059415f04b9f6f40b8d58b5bf914ba9d348"
            ],
            "index": "pypi",
            "version": "==0.13.2"
        },
        "cffi": {
            "hashes": [
                "sha256:045d61c734659cc045141be4bae381a41d89b741f795af1dd018bfb532fd0df8",
                "sha256:0984a4925a435b1da406122d4d7968dd861c1385afe3b45ba82b750f229811e2",
                "sha256:0e2b1fac190ae3ebfe37b979cc1ce69c81f4e4fe5746bb401dca63a9062cdaf1",
                "sha256:0f048dcf80db46f0098ccac01132761580d28e28bc0f78ae0d58048063317e15",
                "sha256:1257bdabf294dceb59f5e70c64a3e2f462c30c7ad68092d01bbbfb1c16b1ba36",
                "sha256:1c39c6016c32bc48dd54561950ebd6836e1670f2ae46128f67cf49e789c52824",
                "sha256:1d599671f396c4723d016dbddb72fe8e0397082b0a77a4fab8028923bec050e8",
                "sha256:28b16024becceed8c6dfbc75629e27788d8a3f9030691a1dbf9821a128b22c36",
                "sha256:2bb1a08b8008b281856e5971307cc386a8e9c5b625ac297e853d36da6efe9c17",
                "sha256:30c5e0cb5ae493c04c8b42916e52ca38079f1b235c2f8ae5f4527b963c401caf",
                "sha256:31000ec67d4221a71bd3f67df918b1f88f676f1c3b535a7eb473255fdc0b83fc",
                "sha256:386c8bf53c502fff58903061338ce4f4950cbdcb23e2902d86c0f722b786bbe3",
                "sha256:3edc8d958eb099c634dace3c7e16560ae474aa3803a5df240542b305d14e14ed",
                "sha256:45398b671ac6d70e67da8e4224a065cec6a93541bb7aebe1b198a61b58c7b702",
                "sha256:46bf43160c1a35f7ec506d254e5c890f3c03648a4dbac12d624e4490a7046cd1",
                "sha256:4ceb10419a9adf4460ea14cfd6bc43d08701f0835e979bf821052f1805850fe8",
                "sha256:51392eae71afec0d0c8fb1a53b204dbb3bcabcb3c9b807eedf3e1e6ccf2de903",
                "sha256:5da5719280082ac6bd9aa7becb3938dc9f9cbd57fac7d2871717b1feb0902ab6",
                "sha256:610faea79c43e44c71e1ec53a554553fa22321b65fae24889706c0a84d4ad86d",
                "sha256:636062ea65bd0195bc012fea9321aca499c0504409f413dc88af450b57ffd03b",
                "sha256:6883e737d7d9e4899a8a695e00ec36bd4e5e4f18fabe0aca0efe0a4b44cdb13e",
                "sha256:6b8b4a92e1c65048ff98cfe1f735ef8f1ceb72e3d5f0c25fdb12087a23da22be",
                "sha256:6f17be4345073b0a7b8ea599688f692ac3ef23ce28e5df79c04de519dbc4912c",
                "sha256:706510fe141c86a69c8ddc029c7910003a17353970cff3b904ff0686a5927683",
                "sha256:72e72408cad3d5419375fc87d289076ee319835bdfa2caad331e377589aebba9",
                "sha256:733e99bc2df47476e3848417c5a4540522f234dfd4ef3ab7fafdf555b082ec0c",
                "sha256:7596d6620d3fa590f677e9ee430df2958d2d6d6de2feeae5b20e82c00b76fbf8",
                "sha256:78122be759c3f8a014ce010908ae03364d00a1f81ab5c7f4a7a5120607ea56e1",
                "sha256:805b4371bf7197c329fcb3ead37e710d1bca9da5d583f5073b799d5c5bd1eee4",
                "sha256:85a950a4ac9c359340d5963966e3e0a94a676bd6245a4b55bc43949eee26a655",
                "sha256:8f2cdc858323644ab277e9bb925ad72ae0e67f69e804f4898c070998d50b1a67",
                "sha256:9755e4345d1ec879e3849e62222a18c7174d65a6a92d5b346b1863912168b595",
                "sha256:98e3969bcff97cae1b2def8ba499ea3d6f31ddfdb7635374834cf89a1a08ecf0",
                "sha256:a08d7e755f8ed21095a310a693525137cfe756ce62d066e53f502a83dc550f65",
                "sha256:a1ed2dd2972641495a3ec98445e09766f077aee98a1c896dcb4ad0d303628e41",
                "sha256:a24ed04c8ffd54b0729c07cee15a81d964e6fee0e3d4d342a27b020d22959dc6",
                "sha256:a45e3c6913c5b87b3ff120dcdc03f6131fa0065027d0ed7ee6190736a74cd401",
                "sha256:a9b15d491f3ad5d692e11f6b71f7857e7835eb677955c00cc0aefcd0669adaf6",
                "sha256:ad9413ccdeda48c5afdae7e4fa2192157e991ff761e7ab8fdd8926f40b160cc3",
                "sha256:b2ab587605f4ba0bf81dc0cb08a41bd1c0a5906bd59243d56bad7668a6fc6c16",
                "sha256:b62ce867176a75d03a665bad002af8e6d54644fad99a3c70905c543130e39d93",
                "sha256:c03e868a0b3bc35839ba98e74211ed2b05d2119be4e8a0f224fba9384f1fe02e",
                "sha256:c59d6e989d07460165cc5ad3c61f9fd8f1b4796eacbd81cee78957842b834af4",
                "sha256:c7eac2ef9b63c79431bc4b25f1cd649d7f061a28808cbc6c47b534bd789ef964",
                "sha256:c9c3d058ebabb74db66e431095118094d06abf53284d9c81f27300d0e0d8bc7c",
                "sha256:ca74b8dbe6e8e8263c0ffd60277de77dcee6c837a3d0881d8c1ead7268c9e576",
                "sha256:caaf0640ef5f5517f49bc275eca1406b0ffa6aa184892812030f04c2abf589a0",
                "sha256:cdf5ce3acdfd1661132f2a9c19cac174758dc2352bfe37d98aa7512c6b7178b3",
                "sha256:d016c76bdd850f3c626af19b0542c9677ba156e4ee4fccfdd7848803533ef662",
                "sha256:d01b12eeeb4427d3110de311e1774046ad344f5b1a7403101878976ecd7a10f3",
                "sha256:d63afe322132c194cf832bfec0dc69a99fb9bb6bbd550f161a49e9e855cc78ff",
                "sha256:da95af8214998d77a98cc14e3a3bd00aa191526343078b530ceb0bd710fb48a5",
                "sha256:dd398dbc6773384a17fe0d3e7eeb8d1a21c2200473ee6806bb5e6a8e62bb73dd",
                "sha256:de2ea4b5833625383e464549fec1bc395c1bdeeb5f25c4a3a82b5a8c756ec22f",
                "sha256:de55b766c7aa2e2a3092c51e0483d700341182f08e67c63630d5b6f200bb28e5",
                "sha256:df8b1c11f177bc2313ec4b2d46baec87a5f3e71fc8b45dab2ee7cae86d9aba14",
                "sha256:e03eab0a8677fa80d646b5ddece1cbeaf556c313dcfac435ba11f107ba117b5d",
                "sha256:e221cf152cff04059d011ee126477f0d9588303eb57e88923578ace7baad17f9",
                "sha256:e31ae45bc2e29f6b2abd0de1cc3b9d5205aa847cafaecb8af1476a609a2f6eb7",
                "sha256:edae79245293e15384b51f88b00613ba9f7198016a5948b5dddf4917d4d26382",
                "sha256:f1e22e8c4419538cb197e4dd60acc919d7696e5ef98ee4da4e01d3f8cfa4cc5a",
                "sha256:f3a2b4222ce6b60e2e8b337bb9596923045681d71e5a082783484d845390938e",
                "sha256:f6a16c31041f09ead72d69f583767292f750d24913dadacf5756b966aacb3f1a",
                "sha256:f75c7ab1f9e4aca5414ed4d8e5c0e303a34f4421f8a0d47a4d019ceff0ab6af4",
                "sha256:f79fc4fc25f1c8698ff97788206bb3c2598949bfe0fef03d299eb1b5356ada99",
                "sha256:f7f5baafcc48261359e14bcd6d9bff6d4b28d9103847c9e136694cb0501aef87",
                "sha256:fc48c783f9c87e60831201f2cce7f3b2e4846bf4d8728eabe54d60700b318a0b"
            ],
            "markers": "python_version >= '3.8'",
            "version": "==1.17.1"
        },
        "clr-loader": {
            "hashes": [
                "sha256:019348ae6b6a83c7a406d14537c277cecf7a3a53b263ec342c81ded5845a67ee",
                "sha256:79bbfee4bf6ac2f4836d89af2c39e0c32dce5d0c062596185aef380f317507a6"
            ],
            "markers": "python_version >= '3.7'",
            "version": "==0.2.6"
        },
        "fsrs": {
            "hashes": [
                "sha256:3106a03f9abf4c76ad9482d237d0539ff701010d18e2cafd8dbb8d49e7fd1044",
                "sha256:88c0043f79356b6267bb7f6b80eaa86137aae86ab4f370d963453c638957ddad"
            ],
            "index": "pypi",
            "markers": "python_version >= '3.9'",
            "version": "==3.1.0"
        },
        "ftfy": {
            "hashes": [
                "sha256:7c70eb532015cd2f9adb53f101fb6c7945988d023a085d127d1573dc49dd0083",
                "sha256:9b3c3d90f84fb267fe64d375a07b7f8912d817cf86009ae134aa03e1819506ec"
            ],
            "markers": "python_version >= '3.9'",
            "version": "==6.3.1"
        },
        "jieba": {
            "hashes": [
                "sha256:055ca12f62674fafed09427f176506079bc135638a14e23e25be909131928db2"
            ],
            "index": "pypi",
            "version": "==0.42.1"
        },
        "langcodes": {
            "hashes": [
                "sha256:68f686fc3d358f222674ecf697ddcee3ace3c2fe325083ecad2543fd28a20e77",
                "sha256:a24879fed238013ac3af2424b9d1124e38b4a38b2044fd297c8ff38e5912e718"
            ],
            "markers": "python_version >= '3.8'",
            "version": "==3.4.1"
        },
        "language-data": {
            "hashes": [
                "sha256:77d5cab917f91ee0b2f1aa7018443e911cf8985ef734ca2ba3940770f6a3816b",
                "sha256:82a86050bbd677bfde87d97885b17566cfe75dad3ac4f5ce44b52c28f752e773"
            ],
            "version": "==1.2.0"
        },
        "locate": {
            "hashes": [
                "sha256:432750f5b7e89f8c99942ca7d8722ccd1e7954b20e6a973027fccb6cc00af857",
                "sha256:9e5e2f3516639240f4d975c08e95ae6a24ff4dd63d228f927541cdec30105755"
            ],
            "markers": "python_version >= '3.4'",
            "version": "==1.1.1"
        },
        "marisa-trie": {
            "hashes": [
                "sha256:06b099dd743676dbcd8abd8465ceac8f6d97d8bfaabe2c83b965495523b4cef2",
                "sha256:0ee6cf6a16d9c3d1c94e21c8e63c93d8b34bede170ca4e937e16e1c0700d399f",
                "sha256:0fe69fb9ffb2767746181f7b3b29bbd3454d1d24717b5958e030494f3d3cddf3",
                "sha256:1db3213b451bf058d558f6e619bceff09d1d130214448a207c55e1526e2773a1",
                "sha256:20948e40ab2038e62b7000ca6b4a913bc16c91a2c2e6da501bd1f917eeb28d51",
                "sha256:2428b495003c189695fb91ceeb499f9fcced3a2dce853e17fa475519433c67ff",
                "sha256:24a81aa7566e4ec96fc4d934581fe26d62eac47fc02b35fa443a0bb718b471e8",
                "sha256:25688f34cac3bec01b4f655ffdd6c599a01f0bd596b4a79cf56c6f01a7df3560",
                "sha256:36aa4401a1180615f74d575571a6550081d84fc6461e9aefc0bb7b2427af098e",
                "sha256:3a27c408e2aefc03e0f1d25b2ff2afb85aac3568f6fa2ae2a53b57a2e87ce29d",
                "sha256:3ad356442c2fea4c2a6f514738ddf213d23930f942299a2b2c05df464a00848a",
                "sha256:429858a0452a7bedcf67bc7bb34383d00f666c980cb75a31bcd31285fbdd4403",
                "sha256:436f62d27714970b9cdd3b3c41bdad046f260e62ebb0daa38125ef70536fc73b",
                "sha256:46e528ee71808c961baf8c3ce1c46a8337ec7a96cc55389d11baafe5b632f8e9",
                "sha256:4728ed3ae372d1ea2cdbd5eaa27b8f20a10e415d1f9d153314831e67d963f281",
                "sha256:536ea19ce6a2ce61c57fed4123ecd10d18d77a0db45cd2741afff2b8b68f15b3",
                "sha256:5685a14b3099b1422c4f59fa38b0bf4b5342ee6cc38ae57df9666a0b28eeaad3",
                "sha256:594f98491a96c7f1ffe13ce292cef1b4e63c028f0707effdea0f113364c1ae6c",
                "sha256:5bd39a4e1cc839a88acca2889d17ebc3f202a5039cd6059a13148ce75c8a6244",
                "sha256:5e43891a37b0d7f618819fea14bd951289a0a8e3dd0da50c596139ca83ebb9b1",
                "sha256:5e649f3dc8ab5476732094f2828cc90cac3be7c79bc0c8318b6fda0c1d248db4",
                "sha256:5fe5a286f997848a410eebe1c28657506adaeb405220ee1e16cfcfd10deb37f2",
                "sha256:638506eacf20ca503fff72221a7e66a6eadbf28d6a4a6f949fcf5b1701bb05ec",
                "sha256:6532615111eec2c79e711965ece0bc95adac1ff547a7fff5ffca525463116deb",
                "sha256:66b23e5b35dd547f85bf98db7c749bc0ffc57916ade2534a6bbc32db9a4abc44",
                "sha256:6704adf0247d2dda42e876b793be40775dff46624309ad99bc7537098bee106d",
                "sha256:67f0c2ec82c20a02c16fc9ba81dee2586ef20270127c470cb1054767aa8ba310",
                "sha256:6946100a43f933fad6bc458c502a59926d80b321d5ac1ed2ff9c56605360496f",
                "sha256:6c50c861faad0a5c091bd763e0729f958c316e678dfa065d3984fbb9e4eacbcd",
                "sha256:735c363d9aaac82eaf516a28f7c6b95084c2e176d8231c87328dc80e112a9afa",
                "sha256:746a7c60a17fccd3cfcfd4326926f02ea4fcdfc25d513411a0c4fc8e4a1ca51f",
                "sha256:7ac170d20b97beb75059ba65d1ccad6b434d777c8992ab41ffabdade3b06dd74",
                "sha256:7cca7f96236ffdbf49be4b2e42c132e3df05968ac424544034767650913524de",
                "sha256:7e7b1786e852e014d03e5f32dbd991f9a9eb223dd3fa9a2564108b807e4b7e1c",
                "sha256:852d7bcf14b0c63404de26e7c4c8d5d65ecaeca935e93794331bc4e2f213660b",
                "sha256:875a6248e60fbb48d947b574ffa4170f34981f9e579bde960d0f9a49ea393ecc",
                "sha256:8951e7ce5d3167fbd085703b4cbb3f47948ed66826bef9a2173c379508776cf5",
                "sha256:8cf4f25cf895692b232f49aa5397af6aba78bb679fb917a05fce8d3cb1ee446d",
                "sha256:952af3a5859c3b20b15a00748c36e9eb8316eb2c70bd353ae1646da216322908",
                "sha256:98042040d1d6085792e8d0f74004fc0f5f9ca6091c298f593dd81a22a4643854",
                "sha256:9c9b32b14651a6dcf9e8857d2df5d29d322a1ea8c0be5c8ffb88f9841c4ec62b",
                "sha256:9e956e6a46f604b17d570901e66f5214fb6f658c21e5e7665deace236793cef6",
                "sha256:9f627f4e41be710b6cb6ed54b0128b229ac9d50e2054d9cde3af0fef277c23cf",
                "sha256:a2eb41d2f9114d8b7bd66772c237111e00d2bae2260824560eaa0a1e291ce9e8",
                "sha256:a3c98613180cf1730e221933ff74b454008161b1a82597e41054127719964188",
                "sha256:a4177dc0bd1374e82be9b2ba4d0c2733b0a85b9d154ceeea83a5bee8c1e62fbf",
                "sha256:a8443d116c612cfd1961fbf76769faf0561a46d8e317315dd13f9d9639ad500c",
                "sha256:aa7cd17e1c690ce96c538b2f4aae003d9a498e65067dd433c52dd069009951d4",
                "sha256:ad548117744b2bcf0e3d97374608be0a92d18c2af13d98b728d37cd06248e571",
                "sha256:aefe0973cc4698e0907289dc0517ab0c7cdb13d588201932ff567d08a50b0e2e",
                "sha256:b0ef26733d3c836be79e812071e1a431ce1f807955a27a981ebb7993d95f842b",
                "sha256:b1ce340da608530500ab4f963f12d6bfc8d8680900919a60dbdc9b78c02060a4",
                "sha256:b1ec93f0d1ee6d7ab680a6d8ea1a08bf264636358e92692072170032dda652ba",
                "sha256:b2a7d00f53f4945320b551bccb826b3fb26948bde1a10d50bb9802fabb611b10",
                "sha256:b2eacb84446543082ec50f2fb563f1a94c96804d4057b7da8ed815958d0cdfbe",
                "sha256:b5ea16e69bfda0ac028c921b58de1a4aaf83d43934892977368579cd3c0a2554",
                "sha256:bd45142501300e7538b2e544905580918b67b1c82abed1275fe4c682c95635fa",
                "sha256:c0fe2ace0cb1806badbd1c551a8ec2f8d4cf97bf044313c082ef1acfe631ddca",
                "sha256:c484410911182457a8a1a0249d0c09c01e2071b78a0a8538cd5f7fa45589b13a",
                "sha256:ce37d8ca462bb64cc13f529b9ed92f7b21fe8d1f1679b62e29f9cb7d0e888b49",
                "sha256:ce59bcd2cda9bb52b0e90cc7f36413cd86c3d0ce7224143447424aafb9f4aa48",
                "sha256:d2a82eb21afdaf22b50d9b996472305c05ca67fc4ff5a026a220320c9c961db6",
                "sha256:d5648c6dcc5dc9200297fb779b1663b8a4467bda034a3c69bd9c32d8afb33b1d",
                "sha256:d659fda873d8dcb2c14c2c331de1dee21f5a902d7f2de7978b62c6431a8850ef",
                "sha256:d7eb20bf0e8b55a58d2a9b518aabc4c18278787bdba476c551dd1c1ed109e509",
                "sha256:da4e4facb79614cc4653cfd859f398e4db4ca9ab26270ff12610e50ed7f1f6c6",
                "sha256:de1665eaafefa48a308e4753786519888021740501a15461c77bdfd57638e6b4",
                "sha256:e2699255d7ac610dee26d4ae7bda5951d05c7d9123a22e1f7c6a6f1964e0a4e4",
                "sha256:e58788004adda24c401d1751331618ed20c507ffc23bfd28d7c0661a1cf0ad16",
                "sha256:e70869737cc0e5bd903f620667da6c330d6737048d1f44db792a6af68a1d35be",
                "sha256:eba6ca45500ca1a042466a0684aacc9838e7f20fe2605521ee19f2853062798f",
                "sha256:ed3fb4ed7f2084597e862bcd56c56c5529e773729a426c083238682dba540e98",
                "sha256:f2806f75817392cedcacb24ac5d80b0350dde8d3861d67d045c1d9b109764114",
                "sha256:f35c2603a6be168088ed1db6ad1704b078aa8f39974c60888fbbced95dcadad4",
                "sha256:f4cd800704a5fc57e53c39c3a6b0c9b1519ebdbcb644ede3ee67a06eb542697d",
                "sha256:f713af9b8aa66a34cd3a78c7d150a560a75734713abe818a69021fd269e927fa"
            ],
            "markers": "python_version >= '3.7'",
            "version": "==1.2.1"
        },
        "msgpack": {
            "hashes": [
                "sha256:06f5fd2f6bb2a7914922d935d3b8bb4a7fff3a9a91cfce6d06c13bc42bec975b",
                "sha256:071603e2f0771c45ad9bc65719291c568d4edf120b44eb36324dcb02a13bfddf",
                "sha256:0907e1a7119b337971a689153665764adc34e89175f9a34793307d9def08e6ca",
                "sha256:0f92a83b84e7c0749e3f12821949d79485971f087604178026085f60ce109330",
                "sha256:115a7af8ee9e8cddc10f87636767857e7e3717b7a2e97379dc2054712693e90f",
                "sha256:13599f8829cfbe0158f6456374e9eea9f44eee08076291771d8ae93eda56607f",
                "sha256:17fb65dd0bec285907f68b15734a993ad3fc94332b5bb21b0435846228de1f39",
                "sha256:2137773500afa5494a61b1208619e3871f75f27b03bcfca7b3a7023284140247",
                "sha256:3180065ec2abbe13a4ad37688b61b99d7f9e012a535b930e0e683ad6bc30155b",
                "sha256:398b713459fea610861c8a7b62a6fec1882759f308ae0795b5413ff6a160cf3c",
                "sha256:3d364a55082fb2a7416f6c63ae383fbd903adb5a6cf78c5b96cc6316dc1cedc7",
                "sha256:3df7e6b05571b3814361e8464f9304c42d2196808e0119f55d0d3e62cd5ea044",
                "sha256:41c991beebf175faf352fb940bf2af9ad1fb77fd25f38d9142053914947cdbf6",
                "sha256:42f754515e0f683f9c79210a5d1cad631ec3d06cea5172214d2176a42e67e19b",
                "sha256:452aff037287acb1d70a804ffd022b21fa2bb7c46bee884dbc864cc9024128a0",
                "sha256:4676e5be1b472909b2ee6356ff425ebedf5142427842aa06b4dfd5117d1ca8a2",
                "sha256:46c34e99110762a76e3911fc923222472c9d681f1094096ac4102c18319e6468",
                "sha256:471e27a5787a2e3f974ba023f9e265a8c7cfd373632247deb225617e3100a3c7",
                "sha256:4a1964df7b81285d00a84da4e70cb1383f2e665e0f1f2a7027e683956d04b734",
                "sha256:4b51405e36e075193bc051315dbf29168d6141ae2500ba8cd80a522964e31434",
                "sha256:4d1b7ff2d6146e16e8bd665ac726a89c74163ef8cd39fa8c1087d4e52d3a2325",
                "sha256:53258eeb7a80fc46f62fd59c876957a2d0e15e6449a9e71842b6d24419d88ca1",
                "sha256:534480ee5690ab3cbed89d4c8971a5c631b69a8c0883ecfea96c19118510c846",
                "sha256:58638690ebd0a06427c5fe1a227bb6b8b9fdc2bd07701bec13c2335c82131a88",
                "sha256:58dfc47f8b102da61e8949708b3eafc3504509a5728f8b4ddef84bd9e16ad420",
                "sha256:59caf6a4ed0d164055ccff8fe31eddc0ebc07cf7326a2aaa0dbf7a4001cd823e",
                "sha256:5dbad74103df937e1325cc4bfeaf57713be0b4f15e1c2da43ccdd836393e2ea2",
                "sha256:5e1da8f11a3dd397f0a32c76165cf0c4eb95b31013a94f6ecc0b280c05c91b59",
                "sha256:646afc8102935a388ffc3914b336d22d1c2d6209c773f3eb5dd4d6d3b6f8c1cb",
                "sha256:64fc9068d701233effd61b19efb1485587560b66fe57b3e50d29c5d78e7fef68",
                "sha256:65553c9b6da8166e819a6aa90ad15288599b340f91d18f60b2061f402b9a4915",
                "sha256:685ec345eefc757a7c8af44a3032734a739f8c45d1b0ac45efc5d8977aa4720f",
                "sha256:6ad622bf7756d5a497d5b6836e7fc3752e2dd6f4c648e24b1803f6048596f701",
                "sha256:73322a6cc57fcee3c0c57c4463d828e9428275fb85a27aa2aa1a92fdc42afd7b",
                "sha256:74bed8f63f8f14d75eec75cf3d04ad581da6b914001b474a5d3cd3372c8cc27d",
                "sha256:79ec007767b9b56860e0372085f8504db5d06bd6a327a335449508bbee9648fa",
                "sha256:7a946a8992941fea80ed4beae6bff74ffd7ee129a90b4dd5cf9c476a30e9708d",
                "sha256:7ad442d527a7e358a469faf43fda45aaf4ac3249c8310a82f0ccff9164e5dccd",
                "sha256:7c9a35ce2c2573bada929e0b7b3576de647b0defbd25f5139dcdaba0ae35a4cc",
                "sha256:7e7b853bbc44fb03fbdba34feb4bd414322180135e2cb5164f20ce1c9795ee48",
                "sha256:879a7b7b0ad82481c52d3c7eb99bf6f0645dbdec5134a4bddbd16f3506947feb",
                "sha256:8a706d1e74dd3dea05cb54580d9bd8b2880e9264856ce5068027eed09680aa74",
                "sha256:8a84efb768fb968381e525eeeb3d92857e4985aacc39f3c47ffd00eb4509315b",
                "sha256:8cf9e8c3a2153934a23ac160cc4cba0ec035f6867c8013cc6077a79823370346",
                "sha256:8da4bf6d54ceed70e8861f833f83ce0814a2b72102e890cbdfe4b34764cdd66e",
                "sha256:8e59bca908d9ca0de3dc8684f21ebf9a690fe47b6be93236eb40b99af28b6ea6",
                "sha256:914571a2a5b4e7606997e169f64ce53a8b1e06f2cf2c3a7273aa106236d43dd5",
                "sha256:a51abd48c6d8ac89e0cfd4fe177c61481aca2d5e7ba42044fd218cfd8ea9899f",
                "sha256:a52a1f3a5af7ba1c9ace055b659189f6c669cf3657095b50f9602af3a3ba0fe5",
                "sha256:ad33e8400e4ec17ba782f7b9cf868977d867ed784a1f5f2ab46e7ba53b6e1e1b",
                "sha256:b4c01941fd2ff87c2a934ee6055bda4ed353a7846b8d4f341c428109e9fcde8c",
                "sha256:bce7d9e614a04d0883af0b3d4d501171fbfca038f12c77fa838d9f198147a23f",
                "sha256:c40ffa9a15d74e05ba1fe2681ea33b9caffd886675412612d93ab17b58ea2fec",
                "sha256:c5a91481a3cc573ac8c0d9aace09345d989dc4a0202b7fcb312c88c26d4e71a8",
                "sha256:c921af52214dcbb75e6bdf6a661b23c3e6417f00c603dd2070bccb5c3ef499f5",
                "sha256:d46cf9e3705ea9485687aa4001a76e44748b609d260af21c4ceea7f2212a501d",
                "sha256:d8ce0b22b890be5d252de90d0e0d119f363012027cf256185fc3d474c44b1b9e",
                "sha256:dd432ccc2c72b914e4cb77afce64aab761c1137cc698be3984eee260bcb2896e",
                "sha256:e0856a2b7e8dcb874be44fea031d22e5b3a19121be92a1e098f46068a11b0870",
                "sha256:e1f3c3d21f7cf67bcf2da8e494d30a75e4cf60041d98b3f79875afb5b96f3a3f",
                "sha256:f1ba6136e650898082d9d5a5217d5906d1e138024f836ff48691784bbe1adf96",
                "sha256:f3e9b4936df53b970513eac1758f3882c88658a220b58dcc1e39606dccaaf01c",
                "sha256:f80bc7d47f76089633763f952e67f8214cb7b3ee6bfa489b3cb6a84cfac114cd",
                "sha256:fd2906780f25c8ed5d7b323379f6138524ba793428db5d0e9d226d3fa6aa1788"
            ],
            "markers": "python_version >= '3.8'",
            "version": "==1.1.0"
        },
        "packaging": {
            "hashes": [
                "sha256:026ed72c8ed3fcce5bf8950572258698927fd1dbda10a5e981cdf0ac37f4f002",
                "sha256:5b8f2217dbdbd2f7f384c41c628544e6d52f2d0f53c6d0c3ea61aa5d1d7ff124"
            ],
            "markers": "python_version >= '3.8'",
            "version": "==24.1"
        },
        "pefile": {
            "hashes": [
                "sha256:82e6114004b3d6911c77c3953e3838654b04511b8b66e8583db70c65998017dc",
                "sha256:da185cd2af68c08a6cd4481f7325ed600a88f6a813bad9dea07ab3ef73d8d8d6"
            ],
            "markers": "sys_platform == 'win32'",
            "version": "==2023.2.7"
        },
        "proxy-tools": {
            "hashes": [
                "sha256:ccb3751f529c047e2d8a58440d86b205303cf0fe8146f784d1cbcd94f0a28010"
            ],
            "version": "==0.1.0"
        },
        "pycparser": {
            "hashes": [
                "sha256:491c8be9c040f5390f5bf44a5b07752bd07f56edf992381b05c701439eec10f6",
                "sha256:c3702b6d3dd8c7abc1afa565d7e63d53a1d0bd86cdc24edd75470f4de499cfcc"
            ],
            "markers": "python_version >= '3.8'",
            "version": "==2.22"
        },
        "pyinstaller": {
            "hashes": [
                "sha256:04f71828aa9531ab18c9656985c1f09b83d10332c73a1f4a113a48b491906955",
                "sha256:0e229610c22b96d741d905706f9496af472c1a9216a118988f393c98ecc3f51f",
                "sha256:6fd68a3c1207635c49326c54881b89d5c3bd9ba061bbc9daa58c0902db1be39e",
                "sha256:7d2cd2ebdcd6860f8a4abe2977264a7b6d260a7147047008971c7cfc66a656a4",
                "sha256:963dedc1f37144a4385f58f7f65f1c69c004a67faae522a2085b5ddb230c908b",
                "sha256:a5f716bb507517912fda39d109dead91fc0dd2e7b2859562522b63c61aa21676",
                "sha256:a843d470768d68b05684ccf4860c45b2eb13727f41667c0b2cd8f57ae231bd18",
                "sha256:c71024c8a19c7b221b9152b2baff4c3ba849cada68dcdd34382ba09f0107451f",
                "sha256:cb4d433a3db30d9d17cf5f2cf7bb4df80a788d493c1d67dd822dc5791d9864af",
                "sha256:d9ec6d4398b4eebc1d4c00437716264ba8406bc2746f594e253070a82378a584",
                "sha256:e6d229009e815542833fe00332b589aa6984a06f794dc16f2ce1acab1c567590",
                "sha256:eddd53f231e51adc65088eac4f40057ca803a990239828d4a9229407fb866239"
            ],
            "index": "pypi",
            "markers": "python_version < '3.14' and python_version >= '3.8'",
            "version": "==6.11.0"
        },
        "pyinstaller-hooks-contrib": {
            "hashes": [
                "sha256:1ddf9ba21d586afa84e505bb5c65fca10b22500bf3fdb89ee2965b99da53b891",
                "sha256:4793869f370d1dc4806c101efd2890e3c3e703467d8d27bb5a3db005ebfb008d"
            ],
            "markers": "python_version >= '3.8'",
            "version": "==2024.9"
        },
        "pythonnet": {
            "hashes": [
                "sha256:a63979eb66293368659849e0a7e0c55cc064c153b62cd540b614ac36895cc598",
                "sha256:c92fbcfddd16575f7e75a643302271658b606d8557df7f0132ac240e03cc3a8f"
            ],
            "markers": "sys_platform == 'win32'",
            "version": "==3.0.4"
        },
        "pywebview": {
            "hashes": [
                "sha256:55f5a4bcfaa56738f2d6206977bd3d2864784249b0646c67e84f402ba1740000",
                "sha256:77b88a63e65e12913d269205e9c6d357666d4864826749c738bf432bd3ad23d9"
            ],
            "index": "pypi",
            "markers": "python_version >= '3.7'",
            "version": "==5.3.2"
        },
        "pywin32-ctypes": {
            "hashes": [
                "sha256:8a1513379d709975552d202d942d9837758905c8d01eb82b8bcc30918929e7b8",
                "sha256:d162dc04946d704503b2edc4d55f3dba5c1d539ead017afa00142c38b9885755"
            ],
            "markers": "sys_platform == 'win32'",
            "version": "==0.2.3"
        },
        "regex": {
            "hashes": [
                "sha256:01c2acb51f8a7d6494c8c5eafe3d8e06d76563d8a8a4643b37e9b2dd8a2ff623",
                "sha256:02087ea0a03b4af1ed6ebab2c54d7118127fee8d71b26398e8e4b05b78963199",
                "sha256:040562757795eeea356394a7fb13076ad4f99d3c62ab0f8bdfb21f99a1f85664",
                "sha256:042c55879cfeb21a8adacc84ea347721d3d83a159da6acdf1116859e2427c43f",
                "sha256:079400a8269544b955ffa9e31f186f01d96829110a3bf79dc338e9910f794fca",
                "sha256:07f45f287469039ffc2c53caf6803cd506eb5f5f637f1d4acb37a738f71dd066",
                "sha256:09d77559e80dcc9d24570da3745ab859a9cf91953062e4ab126ba9d5993688ca",
                "sha256:0cbff728659ce4bbf4c30b2a1be040faafaa9eca6ecde40aaff86f7889f4ab39",
                "sha256:0e12c481ad92d129c78f13a2a3662317e46ee7ef96c94fd332e1c29131875b7d",
                "sha256:0ea51dcc0835eea2ea31d66456210a4e01a076d820e9039b04ae8d17ac11dee6",
                "sha256:0ffbcf9221e04502fc35e54d1ce9567541979c3fdfb93d2c554f0ca583a19b35",
                "sha256:1494fa8725c285a81d01dc8c06b55287a1ee5e0e382d8413adc0a9197aac6408",
                "sha256:16e13a7929791ac1216afde26f712802e3df7bf0360b32e4914dca3ab8baeea5",
                "sha256:18406efb2f5a0e57e3a5881cd9354c1512d3bb4f5c45d96d110a66114d84d23a",
                "sha256:18e707ce6c92d7282dfce370cd205098384b8ee21544e7cb29b8aab955b66fa9",
                "sha256:220e92a30b426daf23bb67a7962900ed4613589bab80382be09b48896d211e92",
                "sha256:23b30c62d0f16827f2ae9f2bb87619bc4fba2044911e2e6c2eb1af0161cdb766",
                "sha256:23f9985c8784e544d53fc2930fc1ac1a7319f5d5332d228437acc9f418f2f168",
                "sha256:297f54910247508e6e5cae669f2bc308985c60540a4edd1c77203ef19bfa63ca",
                "sha256:2b08fce89fbd45664d3df6ad93e554b6c16933ffa9d55cb7e01182baaf971508",
                "sha256:2cce2449e5927a0bf084d346da6cd5eb016b2beca10d0013ab50e3c226ffc0df",
                "sha256:313ea15e5ff2a8cbbad96ccef6be638393041b0a7863183c2d31e0c6116688cf",
                "sha256:323c1f04be6b2968944d730e5c2091c8c89767903ecaa135203eec4565ed2b2b",
                "sha256:35f4a6f96aa6cb3f2f7247027b07b15a374f0d5b912c0001418d1d55024d5cb4",
                "sha256:3b37fa423beefa44919e009745ccbf353d8c981516e807995b2bd11c2c77d268",
                "sha256:3ce4f1185db3fbde8ed8aa223fc9620f276c58de8b0d4f8cc86fd1360829edb6",
                "sha256:46989629904bad940bbec2106528140a218b4a36bb3042d8406980be1941429c",
                "sha256:4838e24ee015101d9f901988001038f7f0d90dc0c3b115541a1365fb439add62",
                "sha256:49b0e06786ea663f933f3710a51e9385ce0cba0ea56b67107fd841a55d56a231",
                "sha256:4db21ece84dfeefc5d8a3863f101995de646c6cb0536952c321a2650aa202c36",
                "sha256:54c4a097b8bc5bb0dfc83ae498061d53ad7b5762e00f4adaa23bee22b012e6ba",
                "sha256:54d9ff35d4515debf14bc27f1e3b38bfc453eff3220f5bce159642fa762fe5d4",
                "sha256:55b96e7ce3a69a8449a66984c268062fbaa0d8ae437b285428e12797baefce7e",
                "sha256:57fdd2e0b2694ce6fc2e5ccf189789c3e2962916fb38779d3e3521ff8fe7a822",
                "sha256:587d4af3979376652010e400accc30404e6c16b7df574048ab1f581af82065e4",
                "sha256:5b513b6997a0b2f10e4fd3a1313568e373926e8c252bd76c960f96fd039cd28d",
                "sha256:5ddcd9a179c0a6fa8add279a4444015acddcd7f232a49071ae57fa6e278f1f71",
                "sha256:6113c008a7780792efc80f9dfe10ba0cd043cbf8dc9a76ef757850f51b4edc50",
                "sha256:635a1d96665f84b292e401c3d62775851aedc31d4f8784117b3c68c4fcd4118d",
                "sha256:64ce2799bd75039b480cc0360907c4fb2f50022f030bf9e7a8705b636e408fad",
                "sha256:69dee6a020693d12a3cf892aba4808fe168d2a4cef368eb9bf74f5398bfd4ee8",
                "sha256:6a2644a93da36c784e546de579ec1806bfd2763ef47babc1b03d765fe560c9f8",
                "sha256:6b41e1adc61fa347662b09398e31ad446afadff932a24807d3ceb955ed865cc8",
                "sha256:6c188c307e8433bcb63dc1915022deb553b4203a70722fc542c363bf120a01fd",
                "sha256:6edd623bae6a737f10ce853ea076f56f507fd7726bee96a41ee3d68d347e4d16",
                "sha256:73d6d2f64f4d894c96626a75578b0bf7d9e56dcda8c3d037a2118fdfe9b1c664",
                "sha256:7a22ccefd4db3f12b526eccb129390942fe874a3a9fdbdd24cf55773a1faab1a",
                "sha256:7fb89ee5d106e4a7a51bce305ac4efb981536301895f7bdcf93ec92ae0d91c7f",
                "sha256:846bc79ee753acf93aef4184c040d709940c9d001029ceb7b7a52747b80ed2dd",
                "sha256:85ab7824093d8f10d44330fe1e6493f756f252d145323dd17ab6b48733ff6c0a",
                "sha256:8dee5b4810a89447151999428fe096977346cf2f29f4d5e29609d2e19e0199c9",
                "sha256:8e5fb5f77c8745a60105403a774fe2c1759b71d3e7b4ca237a5e67ad066c7199",
                "sha256:98eeee2f2e63edae2181c886d7911ce502e1292794f4c5ee71e60e23e8d26b5d",
                "sha256:9d4a76b96f398697fe01117093613166e6aa8195d63f1b4ec3f21ab637632963",
                "sha256:9e8719792ca63c6b8340380352c24dcb8cd7ec49dae36e963742a275dfae6009",
                "sha256:a0b2b80321c2ed3fcf0385ec9e51a12253c50f146fddb2abbb10f033fe3d049a",
                "sha256:a4cc92bb6db56ab0c1cbd17294e14f5e9224f0cc6521167ef388332604e92679",
                "sha256:a738b937d512b30bf75995c0159c0ddf9eec0775c9d72ac0202076c72f24aa96",
                "sha256:a8f877c89719d759e52783f7fe6e1c67121076b87b40542966c02de5503ace42",
                "sha256:a906ed5e47a0ce5f04b2c981af1c9acf9e8696066900bf03b9d7879a6f679fc8",
                "sha256:ae2941333154baff9838e88aa71c1d84f4438189ecc6021a12c7573728b5838e",
                "sha256:b0d0a6c64fcc4ef9c69bd5b3b3626cc3776520a1637d8abaa62b9edc147a58f7",
                "sha256:b5b029322e6e7b94fff16cd120ab35a253236a5f99a79fb04fda7ae71ca20ae8",
                "sha256:b7aaa315101c6567a9a45d2839322c51c8d6e81f67683d529512f5bcfb99c802",
                "sha256:be1c8ed48c4c4065ecb19d882a0ce1afe0745dfad8ce48c49586b90a55f02366",
                "sha256:c0256beda696edcf7d97ef16b2a33a8e5a875affd6fa6567b54f7c577b30a137",
                "sha256:c157bb447303070f256e084668b702073db99bbb61d44f85d811025fcf38f784",
                "sha256:c57d08ad67aba97af57a7263c2d9006d5c404d721c5f7542f077f109ec2a4a29",
                "sha256:c69ada171c2d0e97a4b5aa78fbb835e0ffbb6b13fc5da968c09811346564f0d3",
                "sha256:c94bb0a9f1db10a1d16c00880bdebd5f9faf267273b8f5bd1878126e0fbde771",
                "sha256:cb130fccd1a37ed894824b8c046321540263013da72745d755f2d35114b81a60",
                "sha256:ced479f601cd2f8ca1fd7b23925a7e0ad512a56d6e9476f79b8f381d9d37090a",
                "sha256:d05ac6fa06959c4172eccd99a222e1fbf17b5670c4d596cb1e5cde99600674c4",
                "sha256:d552c78411f60b1fdaafd117a1fca2f02e562e309223b9d44b7de8be451ec5e0",
                "sha256:dd4490a33eb909ef5078ab20f5f000087afa2a4daa27b4c072ccb3cb3050ad84",
                "sha256:df5cbb1fbc74a8305b6065d4ade43b993be03dbe0f8b30032cced0d7740994bd",
                "sha256:e28f9faeb14b6f23ac55bfbbfd3643f5c7c18ede093977f1df249f73fd22c7b1",
                "sha256:e464b467f1588e2c42d26814231edecbcfe77f5ac414d92cbf4e7b55b2c2a776",
                "sha256:e4c22e1ac1f1ec1e09f72e6c44d8f2244173db7eb9629cc3a346a8d7ccc31142",
                "sha256:e53b5fbab5d675aec9f0c501274c467c0f9a5d23696cfc94247e1fb56501ed89",
                "sha256:e93f1c331ca8e86fe877a48ad64e77882c0c4da0097f2212873a69bbfea95d0c",
                "sha256:e997fd30430c57138adc06bba4c7c2968fb13d101e57dd5bb9355bf8ce3fa7e8",
                "sha256:e9a091b0550b3b0207784a7d6d0f1a00d1d1c8a11699c1a4d93db3fbefc3ad35",
                "sha256:eab4bb380f15e189d1313195b062a6aa908f5bd687a0ceccd47c8211e9cf0d4a",
                "sha256:eb1ae19e64c14c7ec1995f40bd932448713d3c73509e82d8cd7744dc00e29e86",
                "sha256:ecea58b43a67b1b79805f1a0255730edaf5191ecef84dbc4cc85eb30bc8b63b9",
                "sha256:ee439691d8c23e76f9802c42a95cfeebf9d47cf4ffd06f18489122dbb0a7ad64",
                "sha256:eee9130eaad130649fd73e5cd92f60e55708952260ede70da64de420cdcad554",
                "sha256:f47cd43a5bfa48f86925fe26fbdd0a488ff15b62468abb5d2a1e092a4fb10e85",
                "sha256:f6fff13ef6b5f29221d6904aa816c34701462956aa72a77f1f151a8ec4f56aeb",
                "sha256:f745ec09bc1b0bd15cfc73df6fa4f726dcc26bb16c23a03f9e3367d357eeedd0",
                "sha256:f8404bf61298bb6f8224bb9176c1424548ee1181130818fcd2cbffddc768bed8",
                "sha256:f9268774428ec173654985ce55fc6caf4c6d11ade0f6f914d48ef4719eb05ebb",
                "sha256:faa3c142464efec496967359ca99696c896c591c56c53506bac1ad465f66e919"
            ],
            "index": "pypi",
            "markers": "python_version >= '3.8'",
            "version": "==2024.9.11"
        },
        "setuptools": {
            "hashes": [
                "sha256:f2504966861356aa38616760c0f66568e535562374995367b4e69c7143cf6bcd",
                "sha256:fba5dd4d766e97be1b1681d98712680ae8f2f26d7881245f2ce9e40714f1a686"
            ],
            "markers": "python_version >= '3.8'",
            "version": "==75.3.0"
        },
        "typing-extensions": {
            "hashes": [
                "sha256:04e5ca0351e0f3f85c6853954072df659d0d13fac324d0072316b67d7794700d",
                "sha256:1a7ead55c7e559dd4dee8856e3a88b41225abfe1ce8df57b7c13915fe121ffb8"
            ],
            "markers": "python_version >= '3.8'",
            "version": "==4.12.2"
        },
        "wcwidth": {
            "hashes": [
                "sha256:3da69048e4540d84af32131829ff948f1e022c1c6bdb8d6102117aac784f6859",
                "sha256:72ea0c06399eb286d978fdedb6923a9eb47e1c486ce63e9b4e64fc18303972b5"
            ],
            "version": "==0.2.13"
        },
        "wordfreq": {
            "hashes": [
                "sha256:4b1c6ecffc6198be3396d5cf871c4423ca71c907c231348d352dd54d62b97473",
                "sha256:7943098975f25c2a70e1151ee5a62083b14a5f86f6cc5703cc9526f716ceb408"
            ],
            "index": "pypi",
            "markers": "python_version >= '3.8' and python_version < '4'",
            "version": "==3.1.1"
        }
    },
    "develop": {}
}
