{
    "_meta": {
        "hash": {
            "sha256": "d4b93e6cf360b24f96d1f8bc9525cce104a824cc73856e9cc1fe5e883b9e2afc"
        },
        "pipfile-spec": 6,
        "requires": {
            "python_version": "3.12"
        },
        "sources": [
            {
                "name": "pypi",
                "url": "https://pypi.org/simple",
                "verify_ssl": true
            }
        ]
    },
    "default": {
        "altgraph": {
            "hashes": [
                "sha256:1b5afbb98f6c4dcadb2e2ae6ab9fa994bbb8c1d75f4fa96d340f9437ae454406",
                "sha256:642743b4750de17e655e6711601b077bc6598dbfa3ba5fa2b2a35ce12b508dff"
            ],
            "version": "==0.17.4"
        },
        "bottle": {
            "hashes": [
                "sha256:a48852dc7a051353d3e4de3dd5590cd25de370bcfd94a72237561e314ceb0c88",
                "sha256:d5e068ad0b4ed3422231ad59bd9ea646a141f57a9c90587212d63477ec04fe96"
            ],
            "index": "pypi",
            "version": "==0.13.1"
        },
        "cffi": {
            "hashes": [
                "sha256:045d61c734659cc045141be4bae381a41d89b741f795af1dd018bfb532fd0df8",
                "sha256:0984a4925a435b1da406122d4d7968dd861c1385afe3b45ba82b750f229811e2",
                "sha256:0e2b1fac190ae3ebfe37b979cc1ce69c81f4e4fe5746bb401dca63a9062cdaf1",
                "sha256:0f048dcf80db46f0098ccac01132761580d28e28bc0f78ae0d58048063317e15",
                "sha256:1257bdabf294dceb59f5e70c64a3e2f462c30c7ad68092d01bbbfb1c16b1ba36",
                "sha256:1c39c6016c32bc48dd54561950ebd6836e1670f2ae46128f67cf49e789c52824",
                "sha256:1d599671f396c4723d016dbddb72fe8e0397082b0a77a4fab8028923bec050e8",
                "sha256:28b16024becceed8c6dfbc75629e27788d8a3f9030691a1dbf9821a128b22c36",
                "sha256:2bb1a08b8008b281856e5971307cc386a8e9c5b625ac297e853d36da6efe9c17",
                "sha256:30c5e0cb5ae493c04c8b42916e52ca38079f1b235c2f8ae5f4527b963c401caf",
                "sha256:31000ec67d4221a71bd3f67df918b1f88f676f1c3b535a7eb473255fdc0b83fc",
                "sha256:386c8bf53c502fff58903061338ce4f4950cbdcb23e2902d86c0f722b786bbe3",
                "sha256:3edc8d958eb099c634dace3c7e16560ae474aa3803a5df240542b305d14e14ed",
                "sha256:45398b671ac6d70e67da8e4224a065cec6a93541bb7aebe1b198a61b58c7b702",
                "sha256:46bf43160c1a35f7ec506d254e5c890f3c03648a4dbac12d624e4490a7046cd1",
                "sha256:4ceb10419a9adf4460ea14cfd6bc43d08701f0835e979bf821052f1805850fe8",
                "sha256:51392eae71afec0d0c8fb1a53b204dbb3bcabcb3c9b807eedf3e1e6ccf2de903",
                "sha256:5da5719280082ac6bd9aa7becb3938dc9f9cbd57fac7d2871717b1feb0902ab6",
                "sha256:610faea79c43e44c71e1ec53a554553fa22321b65fae24889706c0a84d4ad86d",
                "sha256:636062ea65bd0195bc012fea9321aca499c0504409f413dc88af450b57ffd03b",
                "sha256:6883e737d7d9e4899a8a695e00ec36bd4e5e4f18fabe0aca0efe0a4b44cdb13e",
                "sha256:6b8b4a92e1c65048ff98cfe1f735ef8f1ceb72e3d5f0c25fdb12087a23da22be",
                "sha256:6f17be4345073b0a7b8ea599688f692ac3ef23ce28e5df79c04de519dbc4912c",
                "sha256:706510fe141c86a69c8ddc029c7910003a17353970cff3b904ff0686a5927683",
                "sha256:72e72408cad3d5419375fc87d289076ee319835bdfa2caad331e377589aebba9",
                "sha256:733e99bc2df47476e3848417c5a4540522f234dfd4ef3ab7fafdf555b082ec0c",
                "sha256:7596d6620d3fa590f677e9ee430df2958d2d6d6de2feeae5b20e82c00b76fbf8",
                "sha256:78122be759c3f8a014ce010908ae03364d00a1f81ab5c7f4a7a5120607ea56e1",
                "sha256:805b4371bf7197c329fcb3ead37e710d1bca9da5d583f5073b799d5c5bd1eee4",
                "sha256:85a950a4ac9c359340d5963966e3e0a94a676bd6245a4b55bc43949eee26a655",
                "sha256:8f2cdc858323644ab277e9bb925ad72ae0e67f69e804f4898c070998d50b1a67",
                "sha256:9755e4345d1ec879e3849e62222a18c7174d65a6a92d5b346b1863912168b595",
                "sha256:98e3969bcff97cae1b2def8ba499ea3d6f31ddfdb7635374834cf89a1a08ecf0",
                "sha256:a08d7e755f8ed21095a310a693525137cfe756ce62d066e53f502a83dc550f65",
                "sha256:a1ed2dd2972641495a3ec98445e09766f077aee98a1c896dcb4ad0d303628e41",
                "sha256:a24ed04c8ffd54b0729c07cee15a81d964e6fee0e3d4d342a27b020d22959dc6",
                "sha256:a45e3c6913c5b87b3ff120dcdc03f6131fa0065027d0ed7ee6190736a74cd401",
                "sha256:a9b15d491f3ad5d692e11f6b71f7857e7835eb677955c00cc0aefcd0669adaf6",
                "sha256:ad9413ccdeda48c5afdae7e4fa2192157e991ff761e7ab8fdd8926f40b160cc3",
                "sha256:b2ab587605f4ba0bf81dc0cb08a41bd1c0a5906bd59243d56bad7668a6fc6c16",
                "sha256:b62ce867176a75d03a665bad002af8e6d54644fad99a3c70905c543130e39d93",
                "sha256:c03e868a0b3bc35839ba98e74211ed2b05d2119be4e8a0f224fba9384f1fe02e",
                "sha256:c59d6e989d07460165cc5ad3c61f9fd8f1b4796eacbd81cee78957842b834af4",
                "sha256:c7eac2ef9b63c79431bc4b25f1cd649d7f061a28808cbc6c47b534bd789ef964",
                "sha256:c9c3d058ebabb74db66e431095118094d06abf53284d9c81f27300d0e0d8bc7c",
                "sha256:ca74b8dbe6e8e8263c0ffd60277de77dcee6c837a3d0881d8c1ead7268c9e576",
                "sha256:caaf0640ef5f5517f49bc275eca1406b0ffa6aa184892812030f04c2abf589a0",
                "sha256:cdf5ce3acdfd1661132f2a9c19cac174758dc2352bfe37d98aa7512c6b7178b3",
                "sha256:d016c76bdd850f3c626af19b0542c9677ba156e4ee4fccfdd7848803533ef662",
                "sha256:d01b12eeeb4427d3110de311e1774046ad344f5b1a7403101878976ecd7a10f3",
                "sha256:d63afe322132c194cf832bfec0dc69a99fb9bb6bbd550f161a49e9e855cc78ff",
                "sha256:da95af8214998d77a98cc14e3a3bd00aa191526343078b530ceb0bd710fb48a5",
                "sha256:dd398dbc6773384a17fe0d3e7eeb8d1a21c2200473ee6806bb5e6a8e62bb73dd",
                "sha256:de2ea4b5833625383e464549fec1bc395c1bdeeb5f25c4a3a82b5a8c756ec22f",
                "sha256:de55b766c7aa2e2a3092c51e0483d700341182f08e67c63630d5b6f200bb28e5",
                "sha256:df8b1c11f177bc2313ec4b2d46baec87a5f3e71fc8b45dab2ee7cae86d9aba14",
                "sha256:e03eab0a8677fa80d646b5ddece1cbeaf556c313dcfac435ba11f107ba117b5d",
                "sha256:e221cf152cff04059d011ee126477f0d9588303eb57e88923578ace7baad17f9",
                "sha256:e31ae45bc2e29f6b2abd0de1cc3b9d5205aa847cafaecb8af1476a609a2f6eb7",
                "sha256:edae79245293e15384b51f88b00613ba9f7198016a5948b5dddf4917d4d26382",
                "sha256:f1e22e8c4419538cb197e4dd60acc919d7696e5ef98ee4da4e01d3f8cfa4cc5a",
                "sha256:f3a2b4222ce6b60e2e8b337bb9596923045681d71e5a082783484d845390938e",
                "sha256:f6a16c31041f09ead72d69f583767292f750d24913dadacf5756b966aacb3f1a",
                "sha256:f75c7ab1f9e4aca5414ed4d8e5c0e303a34f4421f8a0d47a4d019ceff0ab6af4",
                "sha256:f79fc4fc25f1c8698ff97788206bb3c2598949bfe0fef03d299eb1b5356ada99",
                "sha256:f7f5baafcc48261359e14bcd6d9bff6d4b28d9103847c9e136694cb0501aef87",
                "sha256:fc48c783f9c87e60831201f2cce7f3b2e4846bf4d8728eabe54d60700b318a0b"
            ],
            "markers": "python_version >= '3.8'",
            "version": "==1.17.1"
        },
        "clr-loader": {
            "hashes": [
                "sha256:019348ae6b6a83c7a406d14537c277cecf7a3a53b263ec342c81ded5845a67ee",
                "sha256:79bbfee4bf6ac2f4836d89af2c39e0c32dce5d0c062596185aef380f317507a6"
            ],
            "markers": "python_version >= '3.7'",
            "version": "==0.2.6"
        },
        "fsrs": {
            "hashes": [
                "sha256:a947185c689667e87529e79c58dd3e5612efd01af84c374ed7782158f21f4b22",
                "sha256:de095a1bbeed41861492335f20cb60f19de471c8998503ce9b5f2a914974e759"
            ],
            "index": "pypi",
            "markers": "python_version >= '3.9'",
            "version": "==3.0.0"
        },
        "ftfy": {
            "hashes": [
                "sha256:79b505988f29d577a58a9069afe75553a02a46e42de6091c0660cdc67812badc",
                "sha256:f15761b023f3061a66207d33f0c0149ad40a8319fd16da91796363e2c049fdf8"
            ],
            "markers": "python_version < '4' and python_full_version >= '3.8.1'",
            "version": "==6.2.3"
        },
        "jieba": {
            "hashes": [
                "sha256:055ca12f62674fafed09427f176506079bc135638a14e23e25be909131928db2"
            ],
            "index": "pypi",
            "version": "==0.42.1"
        },
        "langcodes": {
            "hashes": [
                "sha256:10a4cc078b8e8937d8485d3352312a0a89a3125190db9f2bb2074250eef654e9",
                "sha256:ae5a77d1a01d0d1e91854a671890892b7ce9abb601ab7327fc5c874f899e1979"
            ],
            "markers": "python_version >= '3.8'",
            "version": "==3.4.0"
        },
        "language-data": {
            "hashes": [
                "sha256:77d5cab917f91ee0b2f1aa7018443e911cf8985ef734ca2ba3940770f6a3816b",
                "sha256:82a86050bbd677bfde87d97885b17566cfe75dad3ac4f5ce44b52c28f752e773"
            ],
            "version": "==1.2.0"
        },
        "locate": {
            "hashes": [
                "sha256:432750f5b7e89f8c99942ca7d8722ccd1e7954b20e6a973027fccb6cc00af857",
                "sha256:9e5e2f3516639240f4d975c08e95ae6a24ff4dd63d228f927541cdec30105755"
            ],
            "markers": "python_version >= '3.4'",
            "version": "==1.1.1"
        },
        "marisa-trie": {
            "hashes": [
                "sha256:006419c59866979188906babc42ae0918081c18cabc2bdabca027f68c081c127",
                "sha256:015594427360c6ad0fa94d51ee3d50fb83b0f7278996497fd2d69f877c3de9bd",
                "sha256:02f773e85cc566a24c0e0e28c744052db7691c4f13d02e4257bc657a49b9ab14",
                "sha256:035c4c8f3b313b4d7b7451ddd539da811a11077a9e359c6a0345f816b1bdccb3",
                "sha256:045f32eaeb5dcdb5beadb571ba616d7a34141764b616eebb4decce71b366f5fa",
                "sha256:069ac10a133d96b3f3ed1cc071b973a3f28490345e7941c778a1d81cf176f04a",
                "sha256:125016400449e46ec0e5fabd14c8314959c4dfa02ffc2861195c99efa2b5b011",
                "sha256:1890cc993149db4aa8242973526589e8133c3f92949b0ac74c2c9a6596707ae3",
                "sha256:1b855e6286faef5411386bf9d676dfb545c09f7d109f197f347c9366aeb12f07",
                "sha256:26177cd0dadb7b44f47c17c40e16ac157c4d22ac7ed83b5a47f44713239e10d1",
                "sha256:27d270a64eb655754dfb4e352c60a084b16ab999b3a97a0cdc7dbecbca3c0e35",
                "sha256:2db8e74493c3bffb480c54afaa88890a39bf90063ff5b322acf64bf076e4b36e",
                "sha256:2e7540f844c1de493a90ad7d0f5bffc6a2cba19fe312d6db7b97aceff11d97f8",
                "sha256:2fb9243f66563285677079c9dccc697d35985287bacb36c8e685305687b0e025",
                "sha256:3267f438d258d7d85ee3dde363c4f96c3196ca9cd9e63fe429a59543cc544b15",
                "sha256:3425dc81d49a374be49e3a063cb6ccdf57973201b0a30127082acea50562a85e",
                "sha256:3540bb85b38dfc17060263e061c95a0a435681b04543d1ae7e8d7441a9790593",
                "sha256:36d65bcbf22a70cdd0202bd8608c2feecc58bdb9e5dd9a2f5a723b651fcab287",
                "sha256:39b88f126988ea83e8458259297d2b2f9391bfba8f4dc5d7a246813aae1c1def",
                "sha256:40e2a374026492ac84232897f1f1d8f92a4a1f8bcf3f0ded1f2b8b708d1acfff",
                "sha256:437bf6c0d7ba4cf17656a0e3bdd0b3c2c92c01fedfa670904177eef3116a4f45",
                "sha256:49701db6bb8f1ec0133abd95f0a4891cfd6f84f3bd019e343037e31a5a5b0210",
                "sha256:4cfec001cf233e8853a29e1c2bb74031c217aa61e7bd19389007e04861855731",
                "sha256:4e4535fc5458de2b59789e574cdd55923d63de5612dc159d33941af79cd62786",
                "sha256:525b8df41a1a7337ed7f982eb63b704d7d75f047e30970fcfbe9cf6fc22c5991",
                "sha256:5321211647609869907e81b0230ad2dfdfa7e19fe1ee469b46304a622391e6a1",
                "sha256:58e2b84cbb6394f9c567f1f4351fc2995a094e1b684da9b577d4139b145401d6",
                "sha256:5a7c75a508f44e40f7af8448d466045a97534adcbb026e63989407cefb9ebfa6",
                "sha256:5a83fe83e0eab9154a2dc7c556898c86584b7779ddf4214c606fce4ceff07c13",
                "sha256:5b4a8d3ed1f1b8f551b52e11a1265eaf0718f06bb206654b2c529cecda0913dd",
                "sha256:5cea60975184f03fbcff51339df0eb44d2abe106a1693983cc64415eb87b897b",
                "sha256:5d8a1c0361165231f4fb915237470afc8cc4803c535f535f4fc42ca72855b124",
                "sha256:5e04e9c86fe8908b61c2aebb8444217cacaed15b93d2dccaac3849e36a6dc660",
                "sha256:5f5b3080316de735bd2b07265de5eea3ae176fa2fc60f9871aeaa9cdcddfc8f7",
                "sha256:61fab91fef677f0af0e818e61595f2334f7e0b3e122b24ec65889aae69ba468d",
                "sha256:65f5d8c1ecc85283b5b03a1475a5da723b94b3beda752c895b2f748477d8f1b1",
                "sha256:6601e74338fb31e1b20674257706150113463182a01d3a1310df6b8840720b17",
                "sha256:6aeef7b364fb3b34dbba1cc57b79f1668fad0c3f039738d65a5b0d5ddce15f47",
                "sha256:6ff705cb3b907bdeacb8c4b3bf0541691f52b101014d189a707ca41ebfacad59",
                "sha256:7459b1e1937e33daed65a6d55f8b95f9a8601f4f8749d01641cf548ecac03840",
                "sha256:77bfde3287314e91e28d3a882c7b87519ef0ee104c921df72c7819987d5e4863",
                "sha256:7c6e6506bd24a5799b9b4b9cf1e8d6fa281f136396ba018a95d95d4d74715227",
                "sha256:7c87a0c2cccce12b07bfcb70708637c0816970282d966a1531ecda1a24bd1cc8",
                "sha256:83d90be28c083323909d23ff8e9b4a2764b9e75520d1bae1a277e9fa7ca20d15",
                "sha256:84c44cb13803723f0f76aa2ba1a657f762a0bb9d8a9b80dfff249bb1c3218dd6",
                "sha256:873efd212dfef2b736ff2ff43e10b348c428d5dbac7b8cb8aa777004bc8c7b0e",
                "sha256:88660e6ee0f821872aaf63ba4b9a7513428b9cab20c69cc013c368bd72c3a4fe",
                "sha256:8af7a21ac2ba6dc23e4257fc3a40b3070e776275d3d0b5b2ef44473ad92caf3a",
                "sha256:8cd287ff323224d87c2b739cba39614aac3737c95a254e0ff70e77d9b8df226d",
                "sha256:902ea948677421093651ca98df62d255383f865f7c353f956ef666e92500e79f",
                "sha256:92ac63e1519598de946c7d9346df3bb52ed96968eb3021b4e89b51d79bc72a86",
                "sha256:9bcc6613bc873136dc62609b66aaa27363e2bd46c03fdab62d638f7cf69d5f82",
                "sha256:9dccef41d4af11a03558c1d101de58bd723b3039a5bc4e064250008c118037ec",
                "sha256:9fb95f3ab95ba933f6a2fa2629185e9deb9da45ff2aa4ba8cc8f722528c038ef",
                "sha256:a06a77075240eb83a47b780902322e66c968a06a2b6318cab06757c65ea64190",
                "sha256:a3f0562863deaad58c5dc3a51f706da92582bc9084189148a45f7a12fe261a51",
                "sha256:a7183d84da20c89b2a366bf581f0d79d1e248909678f164e8536f291120432e8",
                "sha256:a7196691681ecb8a12629fb6277c33bafdb27cf2b6c18c28bc48fa42a15eab8f",
                "sha256:a97652c5fbc92f52100afe1c4583625015611000fa81606ad17f1b3bbb9f3bfa",
                "sha256:b04a07b99b62b9bdf3eaf1d44571a3293ce249ce8971944e780c9c709593462f",
                "sha256:b08968ccad00f54f31e38516e4452fae59dd15a3fcee56aea3101ba2304680b3",
                "sha256:bc138625b383998f5cd0cbf6cd38d66d414f3786ae6d7b4e4a6fc970140ef4e9",
                "sha256:bd1f3ef8de89684fbdd6aaead09d53b82e718bad4375d2beb938cbd24b48c51a",
                "sha256:bdd1d4d430e33abbe558971d1bd57da2d44ca129fa8a86924c51437dba5cb345",
                "sha256:c11af35d9304de420b359741e12b885d04f11403697efcbbe8cb50f834261ebc",
                "sha256:c4fbb1ec1d9e891060a0aee9f9c243acec63de1e197097a14850ba38ec8a4013",
                "sha256:c57647dd9f9ba16fc5bb4679c915d7d48d5c0b25134fb10f095ccd839686a027",
                "sha256:c643c66bbde6a115e4ec8713c087a9fe9cb7b7c684e6af4cf448c120fa427ea4",
                "sha256:c729e2b8f9699874b1372b5a01515b340eda1292f5e08a3fe4633b745f80ad7a",
                "sha256:c7f4df4163202b0aa5dad3eeddf088ecb61e9101986c8b31f1e052ebd6df9292",
                "sha256:cb60c2f9897ce2bfc31a69ac25a040de4f8643ab2a339bb0ff1185e1a9dedaf8",
                "sha256:cd88a338c87e6dc130b6cea7b697580c21f0c83a8a8b46671cfecbb713d3fe24",
                "sha256:ce2f68e1000c4c72820c5b2c9d037f326fcf75f036453a5e629f225f99b92cfc",
                "sha256:d3c0e38f0501951e2322f7274a39b8e2344bbd91ceaa9da439f46022570ddc9d",
                "sha256:d3ef375491e7dd71a0a7e7bf288c88750942bd1ee0c379dcd6ad43e31af67d00",
                "sha256:d4f05c2ee218a5ab09d269b640d06f9708b0cf37c842344cbdffb0661c74c472",
                "sha256:d62985a0e6f2cfeb36cd6afa0460063bbe83ef4bfd9afe189a99103487547210",
                "sha256:de9911480ce2a0513582cb84ee4484e5ee8791e692276c7f5cd7378e114d1988",
                "sha256:e7202ba0ca1db5245feaebbeb3d0c776b2da1fffb0abc3500dd505f679686aa1",
                "sha256:eaf052c0a1f4531ee12fd4c637212e77ad2af8c3b38a0d3096622abd01a22212",
                "sha256:eba1061bbeaeec4149282beab2ae163631606f119f549a10246b014e13f9047b",
                "sha256:ec167b006884a90d130ee30518a9aa44cb40211f702bf07031b2d7d4d1db569b",
                "sha256:f19c5fcf23c02f1303deb69c67603ee37ed8f01de2d8b19f1716a6cf5afd5455",
                "sha256:f5cb731581effb3e05258f3ddc2a155475de74bb00f61eb280f991e13b48f783",
                "sha256:fa1fa7f67d317a921315a65e266b9e156ce5a956076ec2b6dbf72d67c7df8216",
                "sha256:fdf7a2d066907816726f3bf241b8cb05b698d6ffaa3c5ea2658d4ba69e87ec57",
                "sha256:fe1394e1f262e5b45d22d30bd1ef75174d1f2772e86716b5f93f9c29dfc1a779",
                "sha256:fedfc67497f8aa2757756b5cf493759f245d321fb78914ce125b6d75daa89b5f"
            ],
            "markers": "python_version >= '3.7'",
            "version": "==1.2.0"
        },
        "msgpack": {
            "hashes": [
                "sha256:06f5fd2f6bb2a7914922d935d3b8bb4a7fff3a9a91cfce6d06c13bc42bec975b",
                "sha256:071603e2f0771c45ad9bc65719291c568d4edf120b44eb36324dcb02a13bfddf",
                "sha256:0907e1a7119b337971a689153665764adc34e89175f9a34793307d9def08e6ca",
                "sha256:0f92a83b84e7c0749e3f12821949d79485971f087604178026085f60ce109330",
                "sha256:115a7af8ee9e8cddc10f87636767857e7e3717b7a2e97379dc2054712693e90f",
                "sha256:13599f8829cfbe0158f6456374e9eea9f44eee08076291771d8ae93eda56607f",
                "sha256:17fb65dd0bec285907f68b15734a993ad3fc94332b5bb21b0435846228de1f39",
                "sha256:2137773500afa5494a61b1208619e3871f75f27b03bcfca7b3a7023284140247",
                "sha256:3180065ec2abbe13a4ad37688b61b99d7f9e012a535b930e0e683ad6bc30155b",
                "sha256:398b713459fea610861c8a7b62a6fec1882759f308ae0795b5413ff6a160cf3c",
                "sha256:3d364a55082fb2a7416f6c63ae383fbd903adb5a6cf78c5b96cc6316dc1cedc7",
                "sha256:3df7e6b05571b3814361e8464f9304c42d2196808e0119f55d0d3e62cd5ea044",
                "sha256:41c991beebf175faf352fb940bf2af9ad1fb77fd25f38d9142053914947cdbf6",
                "sha256:42f754515e0f683f9c79210a5d1cad631ec3d06cea5172214d2176a42e67e19b",
                "sha256:452aff037287acb1d70a804ffd022b21fa2bb7c46bee884dbc864cc9024128a0",
                "sha256:4676e5be1b472909b2ee6356ff425ebedf5142427842aa06b4dfd5117d1ca8a2",
                "sha256:46c34e99110762a76e3911fc923222472c9d681f1094096ac4102c18319e6468",
                "sha256:471e27a5787a2e3f974ba023f9e265a8c7cfd373632247deb225617e3100a3c7",
                "sha256:4a1964df7b81285d00a84da4e70cb1383f2e665e0f1f2a7027e683956d04b734",
                "sha256:4b51405e36e075193bc051315dbf29168d6141ae2500ba8cd80a522964e31434",
                "sha256:4d1b7ff2d6146e16e8bd665ac726a89c74163ef8cd39fa8c1087d4e52d3a2325",
                "sha256:53258eeb7a80fc46f62fd59c876957a2d0e15e6449a9e71842b6d24419d88ca1",
                "sha256:534480ee5690ab3cbed89d4c8971a5c631b69a8c0883ecfea96c19118510c846",
                "sha256:58638690ebd0a06427c5fe1a227bb6b8b9fdc2bd07701bec13c2335c82131a88",
                "sha256:58dfc47f8b102da61e8949708b3eafc3504509a5728f8b4ddef84bd9e16ad420",
                "sha256:59caf6a4ed0d164055ccff8fe31eddc0ebc07cf7326a2aaa0dbf7a4001cd823e",
                "sha256:5dbad74103df937e1325cc4bfeaf57713be0b4f15e1c2da43ccdd836393e2ea2",
                "sha256:5e1da8f11a3dd397f0a32c76165cf0c4eb95b31013a94f6ecc0b280c05c91b59",
                "sha256:646afc8102935a388ffc3914b336d22d1c2d6209c773f3eb5dd4d6d3b6f8c1cb",
                "sha256:64fc9068d701233effd61b19efb1485587560b66fe57b3e50d29c5d78e7fef68",
                "sha256:65553c9b6da8166e819a6aa90ad15288599b340f91d18f60b2061f402b9a4915",
                "sha256:685ec345eefc757a7c8af44a3032734a739f8c45d1b0ac45efc5d8977aa4720f",
                "sha256:6ad622bf7756d5a497d5b6836e7fc3752e2dd6f4c648e24b1803f6048596f701",
                "sha256:73322a6cc57fcee3c0c57c4463d828e9428275fb85a27aa2aa1a92fdc42afd7b",
                "sha256:74bed8f63f8f14d75eec75cf3d04ad581da6b914001b474a5d3cd3372c8cc27d",
                "sha256:79ec007767b9b56860e0372085f8504db5d06bd6a327a335449508bbee9648fa",
                "sha256:7a946a8992941fea80ed4beae6bff74ffd7ee129a90b4dd5cf9c476a30e9708d",
                "sha256:7ad442d527a7e358a469faf43fda45aaf4ac3249c8310a82f0ccff9164e5dccd",
                "sha256:7c9a35ce2c2573bada929e0b7b3576de647b0defbd25f5139dcdaba0ae35a4cc",
                "sha256:7e7b853bbc44fb03fbdba34feb4bd414322180135e2cb5164f20ce1c9795ee48",
                "sha256:879a7b7b0ad82481c52d3c7eb99bf6f0645dbdec5134a4bddbd16f3506947feb",
                "sha256:8a706d1e74dd3dea05cb54580d9bd8b2880e9264856ce5068027eed09680aa74",
                "sha256:8a84efb768fb968381e525eeeb3d92857e4985aacc39f3c47ffd00eb4509315b",
                "sha256:8cf9e8c3a2153934a23ac160cc4cba0ec035f6867c8013cc6077a79823370346",
                "sha256:8da4bf6d54ceed70e8861f833f83ce0814a2b72102e890cbdfe4b34764cdd66e",
                "sha256:8e59bca908d9ca0de3dc8684f21ebf9a690fe47b6be93236eb40b99af28b6ea6",
                "sha256:914571a2a5b4e7606997e169f64ce53a8b1e06f2cf2c3a7273aa106236d43dd5",
                "sha256:a51abd48c6d8ac89e0cfd4fe177c61481aca2d5e7ba42044fd218cfd8ea9899f",
                "sha256:a52a1f3a5af7ba1c9ace055b659189f6c669cf3657095b50f9602af3a3ba0fe5",
                "sha256:ad33e8400e4ec17ba782f7b9cf868977d867ed784a1f5f2ab46e7ba53b6e1e1b",
                "sha256:b4c01941fd2ff87c2a934ee6055bda4ed353a7846b8d4f341c428109e9fcde8c",
                "sha256:bce7d9e614a04d0883af0b3d4d501171fbfca038f12c77fa838d9f198147a23f",
                "sha256:c40ffa9a15d74e05ba1fe2681ea33b9caffd886675412612d93ab17b58ea2fec",
                "sha256:c5a91481a3cc573ac8c0d9aace09345d989dc4a0202b7fcb312c88c26d4e71a8",
                "sha256:c921af52214dcbb75e6bdf6a661b23c3e6417f00c603dd2070bccb5c3ef499f5",
                "sha256:d46cf9e3705ea9485687aa4001a76e44748b609d260af21c4ceea7f2212a501d",
                "sha256:d8ce0b22b890be5d252de90d0e0d119f363012027cf256185fc3d474c44b1b9e",
                "sha256:dd432ccc2c72b914e4cb77afce64aab761c1137cc698be3984eee260bcb2896e",
                "sha256:e0856a2b7e8dcb874be44fea031d22e5b3a19121be92a1e098f46068a11b0870",
                "sha256:e1f3c3d21f7cf67bcf2da8e494d30a75e4cf60041d98b3f79875afb5b96f3a3f",
                "sha256:f1ba6136e650898082d9d5a5217d5906d1e138024f836ff48691784bbe1adf96",
                "sha256:f3e9b4936df53b970513eac1758f3882c88658a220b58dcc1e39606dccaaf01c",
                "sha256:f80bc7d47f76089633763f952e67f8214cb7b3ee6bfa489b3cb6a84cfac114cd",
                "sha256:fd2906780f25c8ed5d7b323379f6138524ba793428db5d0e9d226d3fa6aa1788"
            ],
            "markers": "python_version >= '3.8'",
            "version": "==1.1.0"
        },
        "packaging": {
            "hashes": [
                "sha256:026ed72c8ed3fcce5bf8950572258698927fd1dbda10a5e981cdf0ac37f4f002",
                "sha256:5b8f2217dbdbd2f7f384c41c628544e6d52f2d0f53c6d0c3ea61aa5d1d7ff124"
            ],
            "markers": "python_version >= '3.8'",
            "version": "==24.1"
        },
        "pefile": {
            "hashes": [
                "sha256:3ff6c5d8b43e8c37bb6e6dd5085658d658a7a0bdcd20b6a07b1fcfc1c4e9d632",
                "sha256:76f8b485dcd3b1bb8166f1128d395fa3d87af26360c2358fb75b80019b957c6f"
            ],
            "markers": "sys_platform == 'win32'",
            "version": "==2024.8.26"
        },
        "proxy-tools": {
            "hashes": [
                "sha256:ccb3751f529c047e2d8a58440d86b205303cf0fe8146f784d1cbcd94f0a28010"
            ],
            "version": "==0.1.0"
        },
        "pycparser": {
            "hashes": [
                "sha256:491c8be9c040f5390f5bf44a5b07752bd07f56edf992381b05c701439eec10f6",
                "sha256:c3702b6d3dd8c7abc1afa565d7e63d53a1d0bd86cdc24edd75470f4de499cfcc"
            ],
            "markers": "python_version >= '3.8'",
            "version": "==2.22"
        },
        "pyinstaller": {
            "hashes": [
                "sha256:143840f8056ff7b910bf8f16f6cd92cc10a6c2680bb76d0a25d558d543d21270",
                "sha256:28eca3817f176fdc19747e1afcf434f13bb9f17a644f611be2c5a61b1f498ed7",
                "sha256:308e0a8670c9c9ac0cebbf1bbb492e71b6675606f2ec78bc4adfc830d209e087",
                "sha256:3398a98fa17d47ccb31f8779ecbdacec025f7adb2f22757a54b706ac8b4fe906",
                "sha256:46d75359668993ddd98630a3669dc5249f3c446e35239b43bc7f4155bc574748",
                "sha256:6cf876d7d93b8b4f28d1ad57fa24645cf43119c79e985dd5e5f7a801245e6f53",
                "sha256:703e041718987e46ba0568a2c71ecf2459fddef57cf9edf3efeed4a53e3dae3f",
                "sha256:95b55966e563e8b8f31a43882aea10169e9a11fdf38e626d86a2907b640c0701",
                "sha256:b7c90c91921b3749083115b28f30f40abf2bb481ceff196d2b2ce0eaa2b3d429",
                "sha256:d60fb22859e11483af735aec115fdde09467cdbb29edd9844839f2c920b748c0",
                "sha256:db05e3f2f10f9f78c56f1fb163d9cb453433429fe4281218ebaf1ebfd39ba942",
                "sha256:e9989f354ae4ed8a3bec7bdb37ae0d170751d6520e500f049c7cd0632d31d5c3"
            ],
            "index": "pypi",
            "markers": "python_version < '3.14' and python_version >= '3.8'",
            "version": "==6.10.0"
        },
        "pyinstaller-hooks-contrib": {
            "hashes": [
                "sha256:0057fe9a5c398d3f580e73e58793a1d4a8315ca91c3df01efea1c14ed557825a",
                "sha256:29b68d878ab739e967055b56a93eb9b58e529d5b054fbab7a2f2bacf80cef3e2"
            ],
            "markers": "python_version >= '3.8'",
            "version": "==2024.8"
        },
        "pythonnet": {
            "hashes": [
                "sha256:62486f860c7955b7dcf470e085e4d2b599512224ca24193f716e857b496c530f",
                "sha256:8d4b2e97158a023875f8647458a58f38817f4fe39af60abdd6b0d8adf1d77e75"
            ],
            "markers": "sys_platform == 'win32'",
            "version": "==3.0.3"
        },
        "pywebview": {
            "hashes": [
                "sha256:07acceb74bfeed2b5bf19b9535f23ed68330ec6488ae63aea4d35290941cad7f",
                "sha256:634c6e4547ef3f4de2a35cdaed59464b60fb61247f3f6017d6de4ddc1a2dadc2"
            ],
            "index": "pypi",
            "markers": "python_version >= '3.7'",
            "version": "==5.2"
        },
        "pywin32-ctypes": {
            "hashes": [
                "sha256:8a1513379d709975552d202d942d9837758905c8d01eb82b8bcc30918929e7b8",
                "sha256:d162dc04946d704503b2edc4d55f3dba5c1d539ead017afa00142c38b9885755"
            ],
            "markers": "sys_platform == 'win32'",
            "version": "==0.2.3"
        },
        "regex": {
            "hashes": [
                "sha256:01b689e887f612610c869421241e075c02f2e3d1ae93a037cb14f88ab6a8934c",
                "sha256:04ce29e2c5fedf296b1a1b0acc1724ba93a36fb14031f3abfb7abda2806c1535",
                "sha256:0ffe3f9d430cd37d8fa5632ff6fb36d5b24818c5c986893063b4e5bdb84cdf24",
                "sha256:18300a1d78cf1290fa583cd8b7cde26ecb73e9f5916690cf9d42de569c89b1ce",
                "sha256:185e029368d6f89f36e526764cf12bf8d6f0e3a2a7737da625a76f594bdfcbfc",
                "sha256:19c65b00d42804e3fbea9708f0937d157e53429a39b7c61253ff15670ff62cb5",
                "sha256:228b0d3f567fafa0633aee87f08b9276c7062da9616931382993c03808bb68ce",
                "sha256:23acc72f0f4e1a9e6e9843d6328177ae3074b4182167e34119ec7233dfeccf53",
                "sha256:25419b70ba00a16abc90ee5fce061228206173231f004437730b67ac77323f0d",
                "sha256:2dfbb8baf8ba2c2b9aa2807f44ed272f0913eeeba002478c4577b8d29cde215c",
                "sha256:2f1baff13cc2521bea83ab2528e7a80cbe0ebb2c6f0bfad15be7da3aed443908",
                "sha256:33e2614a7ce627f0cdf2ad104797d1f68342d967de3695678c0cb84f530709f8",
                "sha256:3426de3b91d1bc73249042742f45c2148803c111d1175b283270177fdf669024",
                "sha256:382281306e3adaaa7b8b9ebbb3ffb43358a7bbf585fa93821300a418bb975281",
                "sha256:3d974d24edb231446f708c455fd08f94c41c1ff4f04bcf06e5f36df5ef50b95a",
                "sha256:3f3b6ca8eae6d6c75a6cff525c8530c60e909a71a15e1b731723233331de4169",
                "sha256:3fac296f99283ac232d8125be932c5cd7644084a30748fda013028c815ba3364",
                "sha256:416c0e4f56308f34cdb18c3f59849479dde5b19febdcd6e6fa4d04b6c31c9faa",
                "sha256:438d9f0f4bc64e8dea78274caa5af971ceff0f8771e1a2333620969936ba10be",
                "sha256:43affe33137fcd679bdae93fb25924979517e011f9dea99163f80b82eadc7e53",
                "sha256:44fc61b99035fd9b3b9453f1713234e5a7c92a04f3577252b45feefe1b327759",
                "sha256:45104baae8b9f67569f0f1dca5e1f1ed77a54ae1cd8b0b07aba89272710db61e",
                "sha256:4fdd1384619f406ad9037fe6b6eaa3de2749e2e12084abc80169e8e075377d3b",
                "sha256:538d30cd96ed7d1416d3956f94d54e426a8daf7c14527f6e0d6d425fcb4cca52",
                "sha256:558a57cfc32adcf19d3f791f62b5ff564922942e389e3cfdb538a23d65a6b610",
                "sha256:5eefee9bfe23f6df09ffb6dfb23809f4d74a78acef004aa904dc7c88b9944b05",
                "sha256:64bd50cf16bcc54b274e20235bf8edbb64184a30e1e53873ff8d444e7ac656b2",
                "sha256:65fd3d2e228cae024c411c5ccdffae4c315271eee4a8b839291f84f796b34eca",
                "sha256:66b4c0731a5c81921e938dcf1a88e978264e26e6ac4ec96a4d21ae0354581ae0",
                "sha256:68a8f8c046c6466ac61a36b65bb2395c74451df2ffb8458492ef49900efed293",
                "sha256:6a1141a1dcc32904c47f6846b040275c6e5de0bf73f17d7a409035d55b76f289",
                "sha256:6b9fc7e9cc983e75e2518496ba1afc524227c163e43d706688a6bb9eca41617e",
                "sha256:6f51f9556785e5a203713f5efd9c085b4a45aecd2a42573e2b5041881b588d1f",
                "sha256:7214477bf9bd195894cf24005b1e7b496f46833337b5dedb7b2a6e33f66d962c",
                "sha256:731fcd76bbdbf225e2eb85b7c38da9633ad3073822f5ab32379381e8c3c12e94",
                "sha256:74007a5b25b7a678459f06559504f1eec2f0f17bca218c9d56f6a0a12bfffdad",
                "sha256:7a5486ca56c8869070a966321d5ab416ff0f83f30e0e2da1ab48815c8d165d46",
                "sha256:7c479f5ae937ec9985ecaf42e2e10631551d909f203e31308c12d703922742f9",
                "sha256:7df9ea48641da022c2a3c9c641650cd09f0cd15e8908bf931ad538f5ca7919c9",
                "sha256:7e37e809b9303ec3a179085415cb5f418ecf65ec98cdfe34f6a078b46ef823ee",
                "sha256:80c811cfcb5c331237d9bad3bea2c391114588cf4131707e84d9493064d267f9",
                "sha256:836d3cc225b3e8a943d0b02633fb2f28a66e281290302a79df0e1eaa984ff7c1",
                "sha256:84c312cdf839e8b579f504afcd7b65f35d60b6285d892b19adea16355e8343c9",
                "sha256:86b17ba823ea76256b1885652e3a141a99a5c4422f4a869189db328321b73799",
                "sha256:871e3ab2838fbcb4e0865a6e01233975df3a15e6fce93b6f99d75cacbd9862d1",
                "sha256:88ecc3afd7e776967fa16c80f974cb79399ee8dc6c96423321d6f7d4b881c92b",
                "sha256:8bc593dcce679206b60a538c302d03c29b18e3d862609317cb560e18b66d10cf",
                "sha256:8fd5afd101dcf86a270d254364e0e8dddedebe6bd1ab9d5f732f274fa00499a5",
                "sha256:945352286a541406f99b2655c973852da7911b3f4264e010218bbc1cc73168f2",
                "sha256:973335b1624859cb0e52f96062a28aa18f3a5fc77a96e4a3d6d76e29811a0e6e",
                "sha256:994448ee01864501912abf2bad9203bffc34158e80fe8bfb5b031f4f8e16da51",
                "sha256:9cfd009eed1a46b27c14039ad5bbc5e71b6367c5b2e6d5f5da0ea91600817506",
                "sha256:a2ec4419a3fe6cf8a4795752596dfe0adb4aea40d3683a132bae9c30b81e8d73",
                "sha256:a4997716674d36a82eab3e86f8fa77080a5d8d96a389a61ea1d0e3a94a582cf7",
                "sha256:a512eed9dfd4117110b1881ba9a59b31433caed0c4101b361f768e7bcbaf93c5",
                "sha256:a82465ebbc9b1c5c50738536fdfa7cab639a261a99b469c9d4c7dcbb2b3f1e57",
                "sha256:ae2757ace61bc4061b69af19e4689fa4416e1a04840f33b441034202b5cd02d4",
                "sha256:b16582783f44fbca6fcf46f61347340c787d7530d88b4d590a397a47583f31dd",
                "sha256:ba2537ef2163db9e6ccdbeb6f6424282ae4dea43177402152c67ef869cf3978b",
                "sha256:bf7a89eef64b5455835f5ed30254ec19bf41f7541cd94f266ab7cbd463f00c41",
                "sha256:c0abb5e4e8ce71a61d9446040c1e86d4e6d23f9097275c5bd49ed978755ff0fe",
                "sha256:c414cbda77dbf13c3bc88b073a1a9f375c7b0cb5e115e15d4b73ec3a2fbc6f59",
                "sha256:c51edc3541e11fbe83f0c4d9412ef6c79f664a3745fab261457e84465ec9d5a8",
                "sha256:c5e69fd3eb0b409432b537fe3c6f44ac089c458ab6b78dcec14478422879ec5f",
                "sha256:c918b7a1e26b4ab40409820ddccc5d49871a82329640f5005f73572d5eaa9b5e",
                "sha256:c9bb87fdf2ab2370f21e4d5636e5317775e5d51ff32ebff2cf389f71b9b13750",
                "sha256:ca5b2028c2f7af4e13fb9fc29b28d0ce767c38c7facdf64f6c2cd040413055f1",
                "sha256:d0a07763776188b4db4c9c7fb1b8c494049f84659bb387b71c73bbc07f189e96",
                "sha256:d33a0021893ede5969876052796165bab6006559ab845fd7b515a30abdd990dc",
                "sha256:d55588cba7553f0b6ec33130bc3e114b355570b45785cebdc9daed8c637dd440",
                "sha256:dac8e84fff5d27420f3c1e879ce9929108e873667ec87e0c8eeb413a5311adfe",
                "sha256:eaef80eac3b4cfbdd6de53c6e108b4c534c21ae055d1dbea2de6b3b8ff3def38",
                "sha256:eb462f0e346fcf41a901a126b50f8781e9a474d3927930f3490f38a6e73b6950",
                "sha256:eb563dd3aea54c797adf513eeec819c4213d7dbfc311874eb4fd28d10f2ff0f2",
                "sha256:f273674b445bcb6e4409bf8d1be67bc4b58e8b46fd0d560055d515b8830063cd",
                "sha256:f6442f0f0ff81775eaa5b05af8a0ffa1dda36e9cf6ec1e0d3d245e8564b684ce",
                "sha256:fb168b5924bef397b5ba13aabd8cf5df7d3d93f10218d7b925e360d436863f66",
                "sha256:fbf8c2f00904eaf63ff37718eb13acf8e178cb940520e47b2f05027f5bb34ce3",
                "sha256:fe4ebef608553aff8deb845c7f4f1d0740ff76fa672c011cc0bacb2a00fbde86"
            ],
            "index": "pypi",
            "markers": "python_version >= '3.8'",
            "version": "==2024.7.24"
        },
        "setuptools": {
            "hashes": [
                "sha256:5f4c08aa4d3ebcb57a50c33b1b07e94315d7fc7230f7115e47fc99776c8ce308",
                "sha256:95b40ed940a1c67eb70fc099094bd6e99c6ee7c23aa2306f4d2697ba7916f9c6"
            ],
            "markers": "python_version >= '3.8'",
            "version": "==74.1.2"
        },
        "typing-extensions": {
            "hashes": [
                "sha256:04e5ca0351e0f3f85c6853954072df659d0d13fac324d0072316b67d7794700d",
                "sha256:1a7ead55c7e559dd4dee8856e3a88b41225abfe1ce8df57b7c13915fe121ffb8"
            ],
            "markers": "python_version >= '3.8'",
            "version": "==4.12.2"
        },
        "wcwidth": {
            "hashes": [
                "sha256:3da69048e4540d84af32131829ff948f1e022c1c6bdb8d6102117aac784f6859",
                "sha256:72ea0c06399eb286d978fdedb6923a9eb47e1c486ce63e9b4e64fc18303972b5"
            ],
            "version": "==0.2.13"
        },
        "wordfreq": {
            "hashes": [
                "sha256:4b1c6ecffc6198be3396d5cf871c4423ca71c907c231348d352dd54d62b97473",
                "sha256:7943098975f25c2a70e1151ee5a62083b14a5f86f6cc5703cc9526f716ceb408"
            ],
            "index": "pypi",
            "markers": "python_version >= '3.8' and python_version < '4'",
            "version": "==3.1.1"
        }
    },
    "develop": {}
}
