lockfileVersion: '9.0'

settings:
  autoInstallPeers: true
  excludeLinksFromLockfile: false

importers:

  .:
    devDependencies:
      '@types/showdown':
        specifier: ^2.0.6
        version: 2.0.6

packages:

  '@types/showdown@2.0.6':
    resolution: {integrity: sha512-pTvD/0CIeqe4x23+YJWlX2gArHa8G0J0Oh6GKaVXV7TAeickpkkZiNOgFcFcmLQ5lB/K0qBJL1FtRYltBfbGCQ==}

snapshots:

  '@types/showdown@2.0.6': {}
